
Microsoft Visual Studio Solution File, Format Version 11.00
# Visual Studio 2010
Project("{FAE04EC0-301F-11D3-BF4B-00C04F79EFBC}") = "BootStrapXP", "BootStrapXP\BootStrapXP\BootStrapXP.csproj", "{FA9D9A18-8E6F-4310-95E6-CCE695D0DC34}"
EndProject
Project("{FAE04EC0-301F-11D3-BF4B-00C04F79EFBC}") = "MVCXPInternet", "MVCXPInternet\MVCXPInternet.csproj", "{47F6010B-6F7A-4A85-97A0-31C0616CC0A2}"
EndProject
Global
	GlobalSection(SolutionConfigurationPlatforms) = preSolution
		Debug|Any CPU = Debug|Any CPU
		Release|Any CPU = Release|Any CPU
	EndGlobalSection
	GlobalSection(ProjectConfigurationPlatforms) = postSolution
		{FA9D9A18-8E6F-4310-95E6-CCE695D0DC34}.Debug|Any CPU.ActiveCfg = Debug|Any CPU
		{FA9D9A18-8E6F-4310-95E6-CCE695D0DC34}.Debug|Any CPU.Build.0 = Debug|Any CPU
		{FA9D9A18-8E6F-4310-95E6-CCE695D0DC34}.Release|Any CPU.ActiveCfg = Release|Any CPU
		{FA9D9A18-8E6F-4310-95E6-CCE695D0DC34}.Release|Any CPU.Build.0 = Release|Any CPU
		{47F6010B-6F7A-4A85-97A0-31C0616CC0A2}.Debug|Any CPU.ActiveCfg = Debug|Any CPU
		{47F6010B-6F7A-4A85-97A0-31C0616CC0A2}.Debug|Any CPU.Build.0 = Debug|Any CPU
		{47F6010B-6F7A-4A85-97A0-31C0616CC0A2}.Release|Any CPU.ActiveCfg = Release|Any CPU
		{47F6010B-6F7A-4A85-97A0-31C0616CC0A2}.Release|Any CPU.Build.0 = Release|Any CPU
	EndGlobalSection
	GlobalSection(SolutionProperties) = preSolution
		HideSolutionNode = FALSE
	EndGlobalSection
EndGlobal
